
Microsoft Visual Studio Solution File, Format Version 12.00
# Visual Studio Version 16
VisualStudioVersion = 16.0.30011.22
MinimumVisualStudioVersion = 10.0.40219.1
Project("{FAE04EC0-301F-11D3-BF4B-00C04F79EFBC}") = "SplitViewDemo", "SplitViewDemo\SplitViewDemo.csproj", "{63169C29-62D0-4B83-AFFC-AA644795CACB}"
EndProject
Global
	GlobalSection(SolutionConfigurationPlatforms) = preSolution
		Debug|Any CPU = Debug|Any CPU
		Release|Any CPU = Release|Any CPU
	EndGlobalSection
	GlobalSection(ProjectConfigurationPlatforms) = postSolution
		{63169C29-62D0-4B83-AFFC-AA644795CACB}.Debug|Any CPU.ActiveCfg = Debug|Any CPU
		{63169C29-62D0-4B83-AFFC-AA644795CACB}.Debug|Any CPU.Build.0 = Debug|Any CPU
		{63169C29-62D0-4B83-AFFC-AA644795CACB}.Release|Any CPU.ActiveCfg = Release|Any CPU
		{63169C29-62D0-4B83-AFFC-AA644795CACB}.Release|Any CPU.Build.0 = Release|Any CPU
	EndGlobalSection
	GlobalSection(SolutionProperties) = preSolution
		HideSolutionNode = FALSE
	EndGlobalSection
	GlobalSection(ExtensibilityGlobals) = postSolution
		SolutionGuid = {C02D621C-03F2-4DE6-977A-D5537EEF0A68}
	EndGlobalSection
EndGlobal
